
Microsoft Visual Studio Solution File, Format Version 12.00
# Visual Studio Version 16
VisualStudioVersion = 16.0.31112.23
MinimumVisualStudioVersion = 10.0.40219.1
Project("{9A19103F-16F7-4668-BE54-9A1E7A4F7556}") = "OurCoolGame", "OurCoolGame.csproj", "{94664F27-8F3F-45C7-B0C9-CE0EBE61EDE7}"
EndProject
Global
	GlobalSection(SolutionConfigurationPlatforms) = preSolution
		Debug|Any CPU = Debug|Any CPU
		Release|Any CPU = Release|Any CPU
	EndGlobalSection
	GlobalSection(ProjectConfigurationPlatforms) = postSolution
		{94664F27-8F3F-45C7-B0C9-CE0EBE61EDE7}.Debug|Any CPU.ActiveCfg = Debug|Any CPU
		{94664F27-8F3F-45C7-B0C9-CE0EBE61EDE7}.Debug|Any CPU.Build.0 = Debug|Any CPU
		{94664F27-8F3F-45C7-B0C9-CE0EBE61EDE7}.Release|Any CPU.ActiveCfg = Release|Any CPU
		{94664F27-8F3F-45C7-B0C9-CE0EBE61EDE7}.Release|Any CPU.Build.0 = Release|Any CPU
	EndGlobalSection
	GlobalSection(SolutionProperties) = preSolution
		HideSolutionNode = FALSE
	EndGlobalSection
	GlobalSection(ExtensibilityGlobals) = postSolution
		SolutionGuid = {5665ED72-5F88-425A-893E-E32B1FA6F862}
	EndGlobalSection
EndGlobal
